
Microsoft Visual Studio Solution File, Format Version 12.00
# Visual Studio 15
VisualStudioVersion = 15.0.27428.2015
MinimumVisualStudioVersion = 10.0.40219.1
Project("{FAE04EC0-301F-11D3-BF4B-00C04F79EFBC}") = "ComplexGraph", "ComplexGraph\ComplexGraph.csproj", "{ABF83E19-9A18-4586-A4A0-8E571C0411FC}"
EndProject
Global
	GlobalSection(SolutionConfigurationPlatforms) = preSolution
		Debug|Any CPU = Debug|Any CPU
		Release|Any CPU = Release|Any CPU
	EndGlobalSection
	GlobalSection(ProjectConfigurationPlatforms) = postSolution
		{ABF83E19-9A18-4586-A4A0-8E571C0411FC}.Debug|Any CPU.ActiveCfg = Debug|Any CPU
		{ABF83E19-9A18-4586-A4A0-8E571C0411FC}.Debug|Any CPU.Build.0 = Debug|Any CPU
		{ABF83E19-9A18-4586-A4A0-8E571C0411FC}.Release|Any CPU.ActiveCfg = Release|Any CPU
		{ABF83E19-9A18-4586-A4A0-8E571C0411FC}.Release|Any CPU.Build.0 = Release|Any CPU
	EndGlobalSection
	GlobalSection(SolutionProperties) = preSolution
		HideSolutionNode = FALSE
	EndGlobalSection
	GlobalSection(ExtensibilityGlobals) = postSolution
		SolutionGuid = {A8AD6A87-9362-4F1C-98A2-2A5C62A5AE35}
	EndGlobalSection
EndGlobal
